
Microsoft Visual Studio Solution File, Format Version 12.00
# Visual Studio Version 17
VisualStudioVersion = 17.8.34330.188
MinimumVisualStudioVersion = 10.0.40219.1
Project("{2150E333-8FDC-42A3-9474-1A3956D46DE8}") = "Task1", "Task1", "{784E59CD-63B0-4CCD-9F4D-397CF08523AE}"
EndProject
Project("{9A19103F-16F7-4668-BE54-9A1E7A4F7556}") = "PracticalTasks.Task1App", "PracticalTasks.Task1App\PracticalTasks.Task1App.csproj", "{0C7400CF-425D-4052-B936-0D2AABC601F3}"
EndProject
Project("{2150E333-8FDC-42A3-9474-1A3956D46DE8}") = "Solution Items", "Solution Items", "{29215E78-98C1-4DB9-8351-79D2F38F6C4C}"
	ProjectSection(SolutionItems) = preProject
		.editorconfig = .editorconfig
	EndProjectSection
EndProject
Project("{2150E333-8FDC-42A3-9474-1A3956D46DE8}") = "Task2", "Task2", "{253D9FFE-3003-45B6-8408-9214BFA2D67B}"
EndProject
Project("{9A19103F-16F7-4668-BE54-9A1E7A4F7556}") = "PracticalTasks.Task2App", "PracticalTasks.Task2App\PracticalTasks.Task2App.csproj", "{EBD0DD23-F55B-4EF9-B0AC-5F6886819022}"
EndProject
Project("{2150E333-8FDC-42A3-9474-1A3956D46DE8}") = "Task3", "Task3", "{72911EB3-35B6-4007-AA1E-B75A72837399}"
EndProject
Project("{FAE04EC0-301F-11D3-BF4B-00C04F79EFBC}") = "PracticalTasks.Task3App", "PracticalTasks.Task3App\PracticalTasks.Task3App.csproj", "{BFFC33EC-DE3D-4CDD-B73D-D7F4922F6D26}"
EndProject
Global
	GlobalSection(SolutionConfigurationPlatforms) = preSolution
		Debug|Any CPU = Debug|Any CPU
		Release|Any CPU = Release|Any CPU
	EndGlobalSection
	GlobalSection(ProjectConfigurationPlatforms) = postSolution
		{0C7400CF-425D-4052-B936-0D2AABC601F3}.Debug|Any CPU.ActiveCfg = Debug|Any CPU
		{0C7400CF-425D-4052-B936-0D2AABC601F3}.Debug|Any CPU.Build.0 = Debug|Any CPU
		{0C7400CF-425D-4052-B936-0D2AABC601F3}.Release|Any CPU.ActiveCfg = Release|Any CPU
		{0C7400CF-425D-4052-B936-0D2AABC601F3}.Release|Any CPU.Build.0 = Release|Any CPU
		{EBD0DD23-F55B-4EF9-B0AC-5F6886819022}.Debug|Any CPU.ActiveCfg = Debug|Any CPU
		{EBD0DD23-F55B-4EF9-B0AC-5F6886819022}.Debug|Any CPU.Build.0 = Debug|Any CPU
		{EBD0DD23-F55B-4EF9-B0AC-5F6886819022}.Release|Any CPU.ActiveCfg = Release|Any CPU
		{EBD0DD23-F55B-4EF9-B0AC-5F6886819022}.Release|Any CPU.Build.0 = Release|Any CPU
		{BFFC33EC-DE3D-4CDD-B73D-D7F4922F6D26}.Debug|Any CPU.ActiveCfg = Debug|Any CPU
		{BFFC33EC-DE3D-4CDD-B73D-D7F4922F6D26}.Debug|Any CPU.Build.0 = Debug|Any CPU
		{BFFC33EC-DE3D-4CDD-B73D-D7F4922F6D26}.Release|Any CPU.ActiveCfg = Release|Any CPU
		{BFFC33EC-DE3D-4CDD-B73D-D7F4922F6D26}.Release|Any CPU.Build.0 = Release|Any CPU
	EndGlobalSection
	GlobalSection(SolutionProperties) = preSolution
		HideSolutionNode = FALSE
	EndGlobalSection
	GlobalSection(NestedProjects) = preSolution
		{0C7400CF-425D-4052-B936-0D2AABC601F3} = {784E59CD-63B0-4CCD-9F4D-397CF08523AE}
		{EBD0DD23-F55B-4EF9-B0AC-5F6886819022} = {253D9FFE-3003-45B6-8408-9214BFA2D67B}
		{BFFC33EC-DE3D-4CDD-B73D-D7F4922F6D26} = {72911EB3-35B6-4007-AA1E-B75A72837399}
	EndGlobalSection
	GlobalSection(ExtensibilityGlobals) = postSolution
		SolutionGuid = {A9FADCBF-43DC-4E6C-9313-A1CD51F0D08F}
	EndGlobalSection
EndGlobal
